
Microsoft Visual Studio Solution File, Format Version 12.00
# Visual Studio Version 17
VisualStudioVersion = 17.14.36717.8 d17.14
MinimumVisualStudioVersion = 10.0.40219.1
Project("{FAE04EC0-301F-11D3-BF4B-00C04F79EFBC}") = "Example", "Example\Example.csproj", "{1FD1A26C-6B41-46DF-8980-8942D4A1ED23}"
EndProject
Global
	GlobalSection(SolutionConfigurationPlatforms) = preSolution
		Debug|Any CPU = Debug|Any CPU
		Release|Any CPU = Release|Any CPU
	EndGlobalSection
	GlobalSection(ProjectConfigurationPlatforms) = postSolution
		{1FD1A26C-6B41-46DF-8980-8942D4A1ED23}.Debug|Any CPU.ActiveCfg = Debug|Any CPU
		{1FD1A26C-6B41-46DF-8980-8942D4A1ED23}.Debug|Any CPU.Build.0 = Debug|Any CPU
		{1FD1A26C-6B41-46DF-8980-8942D4A1ED23}.Release|Any CPU.ActiveCfg = Release|Any CPU
		{1FD1A26C-6B41-46DF-8980-8942D4A1ED23}.Release|Any CPU.Build.0 = Release|Any CPU
	EndGlobalSection
	GlobalSection(SolutionProperties) = preSolution
		HideSolutionNode = FALSE
	EndGlobalSection
	GlobalSection(ExtensibilityGlobals) = postSolution
		SolutionGuid = {C5785DA8-CF41-44C1-8F76-5B1B407D2A51}
	EndGlobalSection
EndGlobal
